// !$*UTF8*$!
{
	archiveVersion = 1;
	classes = {
	};
	objectVersion = 55;
	objects = {

/* Begin PBXBuildFile section */
		66450F80278649350027707A /* AppDelegate.swift in Sources */ = {isa = PBXBuildFile; fileRef = 66450F7F278649350027707A /* AppDelegate.swift */; };
		66450F82278649350027707A /* SceneDelegate.swift in Sources */ = {isa = PBXBuildFile; fileRef = 66450F81278649350027707A /* SceneDelegate.swift */; };
		66450F89278649390027707A /* Assets.xcassets in Resources */ = {isa = PBXBuildFile; fileRef = 66450F88278649390027707A /* Assets.xcassets */; };
		66450F8C278649390027707A /* LaunchScreen.storyboard in Resources */ = {isa = PBXBuildFile; fileRef = 66450F8A278649390027707A /* LaunchScreen.storyboard */; };
		66450F97278649390027707A /* Empresas_ioasysTests.swift in Sources */ = {isa = PBXBuildFile; fileRef = 66450F96278649390027707A /* Empresas_ioasysTests.swift */; };
		66450FA1278649390027707A /* Empresas_ioasysUITests.swift in Sources */ = {isa = PBXBuildFile; fileRef = 66450FA0278649390027707A /* Empresas_ioasysUITests.swift */; };
		66450FA3278649390027707A /* Empresas_ioasysUITestsLaunchTests.swift in Sources */ = {isa = PBXBuildFile; fileRef = 66450FA2278649390027707A /* Empresas_ioasysUITestsLaunchTests.swift */; };
		66450FB6278649E50027707A /* Coordinator.swift in Sources */ = {isa = PBXBuildFile; fileRef = 66450FB5278649E50027707A /* Coordinator.swift */; };
		66450FB8278649EF0027707A /* MainCoordinator.swift in Sources */ = {isa = PBXBuildFile; fileRef = 66450FB7278649EF0027707A /* MainCoordinator.swift */; };
		66450FBB27864B790027707A /* Images.swift in Sources */ = {isa = PBXBuildFile; fileRef = 66450FBA27864B790027707A /* Images.swift */; };
		66450FBD27864C260027707A /* LoginViewController.swift in Sources */ = {isa = PBXBuildFile; fileRef = 66450FBC27864C260027707A /* LoginViewController.swift */; };
		66450FBF27864C2F0027707A /* LoginView.swift in Sources */ = {isa = PBXBuildFile; fileRef = 66450FBE27864C2F0027707A /* LoginView.swift */; };
		66450FC127864E030027707A /* GradientView.swift in Sources */ = {isa = PBXBuildFile; fileRef = 66450FC027864E030027707A /* GradientView.swift */; };
		66450FC5278655A20027707A /* WelcomeView.swift.swift in Sources */ = {isa = PBXBuildFile; fileRef = 66450FC4278655A20027707A /* WelcomeView.swift.swift */; };
		66450FC727865D810027707A /* GenericTextField.swift in Sources */ = {isa = PBXBuildFile; fileRef = 66450FC627865D810027707A /* GenericTextField.swift */; };
		664F4CA4278937E00029442B /* LoadingViewController.swift in Sources */ = {isa = PBXBuildFile; fileRef = 664F4CA3278937E00029442B /* LoadingViewController.swift */; };
		664F4CA927893BF60029442B /* HomeViewController.swift in Sources */ = {isa = PBXBuildFile; fileRef = 664F4CA827893BF60029442B /* HomeViewController.swift */; };
		664F4CAB278940CE0029442B /* HomeViewCell.swift in Sources */ = {isa = PBXBuildFile; fileRef = 664F4CAA278940CE0029442B /* HomeViewCell.swift */; };
		664FC34F278B340D00177288 /* TextFieldType.swift in Sources */ = {isa = PBXBuildFile; fileRef = 664FC34E278B340D00177288 /* TextFieldType.swift */; };
		664FC356278B3C2A00177288 /* Colors.swift in Sources */ = {isa = PBXBuildFile; fileRef = 664FC355278B3C2A00177288 /* Colors.swift */; };
		664FC358278B523600177288 /* HomeNavigationBar.swift in Sources */ = {isa = PBXBuildFile; fileRef = 664FC357278B523600177288 /* HomeNavigationBar.swift */; };
		665281342789C52F00C74184 /* HomeView.swift in Sources */ = {isa = PBXBuildFile; fileRef = 665281332789C52F00C74184 /* HomeView.swift */; };
		665281362789C5A200C74184 /* HomeCollectionView.swift in Sources */ = {isa = PBXBuildFile; fileRef = 665281352789C5A200C74184 /* HomeCollectionView.swift */; };
		665281382789DEDD00C74184 /* CellGradientBackground.swift in Sources */ = {isa = PBXBuildFile; fileRef = 665281372789DEDD00C74184 /* CellGradientBackground.swift */; };
		6652813B2789EB4700C74184 /* CompanyDetailViewController.swift in Sources */ = {isa = PBXBuildFile; fileRef = 6652813A2789EB4700C74184 /* CompanyDetailViewController.swift */; };
		6652813D2789EBB600C74184 /* CompanyDetailView.swift in Sources */ = {isa = PBXBuildFile; fileRef = 6652813C2789EBB600C74184 /* CompanyDetailView.swift */; };
		6652813F278A236B00C74184 /* User.swift in Sources */ = {isa = PBXBuildFile; fileRef = 6652813E278A236B00C74184 /* User.swift */; };
		66528141278A270800C74184 /* EnterpriseModel.swift in Sources */ = {isa = PBXBuildFile; fileRef = 66528140278A270800C74184 /* EnterpriseModel.swift */; };
		66528143278A318B00C74184 /* HomeViewModel.swift in Sources */ = {isa = PBXBuildFile; fileRef = 66528142278A318B00C74184 /* HomeViewModel.swift */; };
		66528145278A62CB00C74184 /* LoadingViewModel.swift in Sources */ = {isa = PBXBuildFile; fileRef = 66528144278A62CB00C74184 /* LoadingViewModel.swift */; };
		66528147278A7B3B00C74184 /* CompanyDetailViewModel.swift in Sources */ = {isa = PBXBuildFile; fileRef = 66528146278A7B3B00C74184 /* CompanyDetailViewModel.swift */; };
		66528149278AF69B00C74184 /* UIImage.swift in Sources */ = {isa = PBXBuildFile; fileRef = 66528148278AF69A00C74184 /* UIImage.swift */; };
		6652814B278AF74F00C74184 /* CachedImages.swift in Sources */ = {isa = PBXBuildFile; fileRef = 6652814A278AF74F00C74184 /* CachedImages.swift */; };
		6652814D278B154A00C74184 /* UIImageView.swift in Sources */ = {isa = PBXBuildFile; fileRef = 6652814C278B154900C74184 /* UIImageView.swift */; };
		6660808A27885A1B008C3FF7 /* LoginModel.swift in Sources */ = {isa = PBXBuildFile; fileRef = 6660808927885A1B008C3FF7 /* LoginModel.swift */; };
		6660808C2788673E008C3FF7 /* LoginViewModel.swift in Sources */ = {isa = PBXBuildFile; fileRef = 6660808B2788673E008C3FF7 /* LoginViewModel.swift */; };
		666898452787D53A003CE1AF /* ApiClient.swift in Sources */ = {isa = PBXBuildFile; fileRef = 666898442787D53A003CE1AF /* ApiClient.swift */; };
		66AAD8AF278C645700319120 /* LoginHandler.swift in Sources */ = {isa = PBXBuildFile; fileRef = 66AAD8AE278C645700319120 /* LoginHandler.swift */; };
		66B9775E278B993E00195571 /* ApiRequest.swift.swift in Sources */ = {isa = PBXBuildFile; fileRef = 66B9775D278B993E00195571 /* ApiRequest.swift.swift */; };
		66B97760278B99F400195571 /* UrlPath.swift in Sources */ = {isa = PBXBuildFile; fileRef = 66B9775F278B99F400195571 /* UrlPath.swift */; };
		66C02864278E2D03008030B7 /* TestButtonViewController.swift in Sources */ = {isa = PBXBuildFile; fileRef = 66C02863278E2D03008030B7 /* TestButtonViewController.swift */; };
		66C02866278E3EE1008030B7 /* LoginTextField.swift in Sources */ = {isa = PBXBuildFile; fileRef = 66C02865278E3EE1008030B7 /* LoginTextField.swift */; };
		66C87333278C722D00FA2B19 /* SearchHandler.swift in Sources */ = {isa = PBXBuildFile; fileRef = 66C87332278C722D00FA2B19 /* SearchHandler.swift */; };
		66C87335278C729500FA2B19 /* BaseHandler.swift.swift in Sources */ = {isa = PBXBuildFile; fileRef = 66C87334278C729500FA2B19 /* BaseHandler.swift.swift */; };
		66C87337278C906A00FA2B19 /* ImageHandler.swift in Sources */ = {isa = PBXBuildFile; fileRef = 66C87336278C906A00FA2B19 /* ImageHandler.swift */; };
		66C8733B278CB46200FA2B19 /* String.swift in Sources */ = {isa = PBXBuildFile; fileRef = 66C8733A278CB46200FA2B19 /* String.swift */; };
/* End PBXBuildFile section */

/* Begin PBXContainerItemProxy section */
		66450F93278649390027707A /* PBXContainerItemProxy */ = {
			isa = PBXContainerItemProxy;
			containerPortal = 66450F74278649350027707A /* Project object */;
			proxyType = 1;
			remoteGlobalIDString = 66450F7B278649350027707A;
			remoteInfo = "Empresas ioasys";
		};
		66450F9D278649390027707A /* PBXContainerItemProxy */ = {
			isa = PBXContainerItemProxy;
			containerPortal = 66450F74278649350027707A /* Project object */;
			proxyType = 1;
			remoteGlobalIDString = 66450F7B278649350027707A;
			remoteInfo = "Empresas ioasys";
		};
/* End PBXContainerItemProxy section */

/* Begin PBXFileReference section */
		66450F7C278649350027707A /* Empresas ioasys.app */ = {isa = PBXFileReference; explicitFileType = wrapper.application; includeInIndex = 0; path = "Empresas ioasys.app"; sourceTree = BUILT_PRODUCTS_DIR; };
		66450F7F278649350027707A /* AppDelegate.swift */ = {isa = PBXFileReference; lastKnownFileType = sourcecode.swift; path = AppDelegate.swift; sourceTree = "<group>"; };
		66450F81278649350027707A /* SceneDelegate.swift */ = {isa = PBXFileReference; lastKnownFileType = sourcecode.swift; path = SceneDelegate.swift; sourceTree = "<group>"; };
		66450F88278649390027707A /* Assets.xcassets */ = {isa = PBXFileReference; lastKnownFileType = folder.assetcatalog; path = Assets.xcassets; sourceTree = "<group>"; };
		66450F8B278649390027707A /* Base */ = {isa = PBXFileReference; lastKnownFileType = file.storyboard; name = Base; path = Base.lproj/LaunchScreen.storyboard; sourceTree = "<group>"; };
		66450F8D278649390027707A /* Info.plist */ = {isa = PBXFileReference; lastKnownFileType = text.plist.xml; path = Info.plist; sourceTree = "<group>"; };
		66450F92278649390027707A /* Empresas ioasysTests.xctest */ = {isa = PBXFileReference; explicitFileType = wrapper.cfbundle; includeInIndex = 0; path = "Empresas ioasysTests.xctest"; sourceTree = BUILT_PRODUCTS_DIR; };
		66450F96278649390027707A /* Empresas_ioasysTests.swift */ = {isa = PBXFileReference; lastKnownFileType = sourcecode.swift; path = Empresas_ioasysTests.swift; sourceTree = "<group>"; };
		66450F9C278649390027707A /* Empresas ioasysUITests.xctest */ = {isa = PBXFileReference; explicitFileType = wrapper.cfbundle; includeInIndex = 0; path = "Empresas ioasysUITests.xctest"; sourceTree = BUILT_PRODUCTS_DIR; };
		66450FA0278649390027707A /* Empresas_ioasysUITests.swift */ = {isa = PBXFileReference; lastKnownFileType = sourcecode.swift; path = Empresas_ioasysUITests.swift; sourceTree = "<group>"; };
		66450FA2278649390027707A /* Empresas_ioasysUITestsLaunchTests.swift */ = {isa = PBXFileReference; lastKnownFileType = sourcecode.swift; path = Empresas_ioasysUITestsLaunchTests.swift; sourceTree = "<group>"; };
		66450FB5278649E50027707A /* Coordinator.swift */ = {isa = PBXFileReference; lastKnownFileType = sourcecode.swift; path = Coordinator.swift; sourceTree = "<group>"; };
		66450FB7278649EF0027707A /* MainCoordinator.swift */ = {isa = PBXFileReference; lastKnownFileType = sourcecode.swift; path = MainCoordinator.swift; sourceTree = "<group>"; };
		66450FBA27864B790027707A /* Images.swift */ = {isa = PBXFileReference; lastKnownFileType = sourcecode.swift; path = Images.swift; sourceTree = "<group>"; };
		66450FBC27864C260027707A /* LoginViewController.swift */ = {isa = PBXFileReference; lastKnownFileType = sourcecode.swift; path = LoginViewController.swift; sourceTree = "<group>"; };
		66450FBE27864C2F0027707A /* LoginView.swift */ = {isa = PBXFileReference; lastKnownFileType = sourcecode.swift; path = LoginView.swift; sourceTree = "<group>"; };
		66450FC027864E030027707A /* GradientView.swift */ = {isa = PBXFileReference; lastKnownFileType = sourcecode.swift; path = GradientView.swift; sourceTree = "<group>"; };
		66450FC4278655A20027707A /* WelcomeView.swift.swift */ = {isa = PBXFileReference; lastKnownFileType = sourcecode.swift; path = WelcomeView.swift.swift; sourceTree = "<group>"; };
		66450FC627865D810027707A /* GenericTextField.swift */ = {isa = PBXFileReference; lastKnownFileType = sourcecode.swift; path = GenericTextField.swift; sourceTree = "<group>"; };
		664F4CA3278937E00029442B /* LoadingViewController.swift */ = {isa = PBXFileReference; lastKnownFileType = sourcecode.swift; path = LoadingViewController.swift; sourceTree = "<group>"; };
		664F4CA827893BF60029442B /* HomeViewController.swift */ = {isa = PBXFileReference; lastKnownFileType = sourcecode.swift; path = HomeViewController.swift; sourceTree = "<group>"; };
		664F4CAA278940CE0029442B /* HomeViewCell.swift */ = {isa = PBXFileReference; lastKnownFileType = sourcecode.swift; path = HomeViewCell.swift; sourceTree = "<group>"; };
		664FC34E278B340D00177288 /* TextFieldType.swift */ = {isa = PBXFileReference; lastKnownFileType = sourcecode.swift; path = TextFieldType.swift; sourceTree = "<group>"; };
		664FC355278B3C2A00177288 /* Colors.swift */ = {isa = PBXFileReference; lastKnownFileType = sourcecode.swift; path = Colors.swift; sourceTree = "<group>"; };
		664FC357278B523600177288 /* HomeNavigationBar.swift */ = {isa = PBXFileReference; lastKnownFileType = sourcecode.swift; path = HomeNavigationBar.swift; sourceTree = "<group>"; };
		665281332789C52F00C74184 /* HomeView.swift */ = {isa = PBXFileReference; lastKnownFileType = sourcecode.swift; path = HomeView.swift; sourceTree = "<group>"; };
		665281352789C5A200C74184 /* HomeCollectionView.swift */ = {isa = PBXFileReference; lastKnownFileType = sourcecode.swift; path = HomeCollectionView.swift; sourceTree = "<group>"; };
		665281372789DEDD00C74184 /* CellGradientBackground.swift */ = {isa = PBXFileReference; lastKnownFileType = sourcecode.swift; path = CellGradientBackground.swift; sourceTree = "<group>"; };
		6652813A2789EB4700C74184 /* CompanyDetailViewController.swift */ = {isa = PBXFileReference; lastKnownFileType = sourcecode.swift; path = CompanyDetailViewController.swift; sourceTree = "<group>"; };
		6652813C2789EBB600C74184 /* CompanyDetailView.swift */ = {isa = PBXFileReference; lastKnownFileType = sourcecode.swift; path = CompanyDetailView.swift; sourceTree = "<group>"; };
		6652813E278A236B00C74184 /* User.swift */ = {isa = PBXFileReference; lastKnownFileType = sourcecode.swift; path = User.swift; sourceTree = "<group>"; };
		66528140278A270800C74184 /* EnterpriseModel.swift */ = {isa = PBXFileReference; lastKnownFileType = sourcecode.swift; path = EnterpriseModel.swift; sourceTree = "<group>"; };
		66528142278A318B00C74184 /* HomeViewModel.swift */ = {isa = PBXFileReference; lastKnownFileType = sourcecode.swift; path = HomeViewModel.swift; sourceTree = "<group>"; };
		66528144278A62CB00C74184 /* LoadingViewModel.swift */ = {isa = PBXFileReference; lastKnownFileType = sourcecode.swift; path = LoadingViewModel.swift; sourceTree = "<group>"; };
		66528146278A7B3B00C74184 /* CompanyDetailViewModel.swift */ = {isa = PBXFileReference; lastKnownFileType = sourcecode.swift; path = CompanyDetailViewModel.swift; sourceTree = "<group>"; };
		66528148278AF69A00C74184 /* UIImage.swift */ = {isa = PBXFileReference; lastKnownFileType = sourcecode.swift; path = UIImage.swift; sourceTree = "<group>"; };
		6652814A278AF74F00C74184 /* CachedImages.swift */ = {isa = PBXFileReference; lastKnownFileType = sourcecode.swift; path = CachedImages.swift; sourceTree = "<group>"; };
		6652814C278B154900C74184 /* UIImageView.swift */ = {isa = PBXFileReference; lastKnownFileType = sourcecode.swift; path = UIImageView.swift; sourceTree = "<group>"; };
		6660808927885A1B008C3FF7 /* LoginModel.swift */ = {isa = PBXFileReference; lastKnownFileType = sourcecode.swift; path = LoginModel.swift; sourceTree = "<group>"; };
		6660808B2788673E008C3FF7 /* LoginViewModel.swift */ = {isa = PBXFileReference; lastKnownFileType = sourcecode.swift; path = LoginViewModel.swift; sourceTree = "<group>"; };
		666898442787D53A003CE1AF /* ApiClient.swift */ = {isa = PBXFileReference; lastKnownFileType = sourcecode.swift; path = ApiClient.swift; sourceTree = "<group>"; };
		66AAD8AE278C645700319120 /* LoginHandler.swift */ = {isa = PBXFileReference; lastKnownFileType = sourcecode.swift; path = LoginHandler.swift; sourceTree = "<group>"; };
		66B9775D278B993E00195571 /* ApiRequest.swift.swift */ = {isa = PBXFileReference; lastKnownFileType = sourcecode.swift; path = ApiRequest.swift.swift; sourceTree = "<group>"; };
		66B9775F278B99F400195571 /* UrlPath.swift */ = {isa = PBXFileReference; lastKnownFileType = sourcecode.swift; path = UrlPath.swift; sourceTree = "<group>"; };
		66C02863278E2D03008030B7 /* TestButtonViewController.swift */ = {isa = PBXFileReference; lastKnownFileType = sourcecode.swift; path = TestButtonViewController.swift; sourceTree = "<group>"; };
		66C02865278E3EE1008030B7 /* LoginTextField.swift */ = {isa = PBXFileReference; lastKnownFileType = sourcecode.swift; path = LoginTextField.swift; sourceTree = "<group>"; };
		66C87332278C722D00FA2B19 /* SearchHandler.swift */ = {isa = PBXFileReference; lastKnownFileType = sourcecode.swift; path = SearchHandler.swift; sourceTree = "<group>"; };
		66C87334278C729500FA2B19 /* BaseHandler.swift.swift */ = {isa = PBXFileReference; lastKnownFileType = sourcecode.swift; path = BaseHandler.swift.swift; sourceTree = "<group>"; };
		66C87336278C906A00FA2B19 /* ImageHandler.swift */ = {isa = PBXFileReference; lastKnownFileType = sourcecode.swift; path = ImageHandler.swift; sourceTree = "<group>"; };
		66C8733A278CB46200FA2B19 /* String.swift */ = {isa = PBXFileReference; lastKnownFileType = sourcecode.swift; path = String.swift; sourceTree = "<group>"; };
/* End PBXFileReference section */

/* Begin PBXFrameworksBuildPhase section */
		66450F79278649350027707A /* Frameworks */ = {
			isa = PBXFrameworksBuildPhase;
			buildActionMask = 2147483647;
			files = (
			);
			runOnlyForDeploymentPostprocessing = 0;
		};
		66450F8F278649390027707A /* Frameworks */ = {
			isa = PBXFrameworksBuildPhase;
			buildActionMask = 2147483647;
			files = (
			);
			runOnlyForDeploymentPostprocessing = 0;
		};
		66450F99278649390027707A /* Frameworks */ = {
			isa = PBXFrameworksBuildPhase;
			buildActionMask = 2147483647;
			files = (
			);
			runOnlyForDeploymentPostprocessing = 0;
		};
/* End PBXFrameworksBuildPhase section */

/* Begin PBXGroup section */
		66450F73278649350027707A = {
			isa = PBXGroup;
			children = (
				66450F7E278649350027707A /* Empresas ioasys */,
				66450F95278649390027707A /* Empresas ioasysTests */,
				66450F9F278649390027707A /* Empresas ioasysUITests */,
				66450F7D278649350027707A /* Products */,
			);
			sourceTree = "<group>";
		};
		66450F7D278649350027707A /* Products */ = {
			isa = PBXGroup;
			children = (
				66450F7C278649350027707A /* Empresas ioasys.app */,
				66450F92278649390027707A /* Empresas ioasysTests.xctest */,
				66450F9C278649390027707A /* Empresas ioasysUITests.xctest */,
			);
			name = Products;
			sourceTree = "<group>";
		};
		66450F7E278649350027707A /* Empresas ioasys */ = {
			isa = PBXGroup;
			children = (
				66450FB1278649790027707A /* Coordinators */,
				664FC354278B3C1300177288 /* Extensions */,
				6660808827885A07008C3FF7 /* Models */,
				66450FB22786497F0027707A /* Networking */,
				66450FB0278649670027707A /* Supporting */,
				66450FB32786498A0027707A /* Utils */,
				66450FAF278649600027707A /* Views */,
			);
			path = "Empresas ioasys";
			sourceTree = "<group>";
		};
		66450F95278649390027707A /* Empresas ioasysTests */ = {
			isa = PBXGroup;
			children = (
				66450F96278649390027707A /* Empresas_ioasysTests.swift */,
			);
			path = "Empresas ioasysTests";
			sourceTree = "<group>";
		};
		66450F9F278649390027707A /* Empresas ioasysUITests */ = {
			isa = PBXGroup;
			children = (
				66450FA0278649390027707A /* Empresas_ioasysUITests.swift */,
				66450FA2278649390027707A /* Empresas_ioasysUITestsLaunchTests.swift */,
			);
			path = "Empresas ioasysUITests";
			sourceTree = "<group>";
		};
		66450FAF278649600027707A /* Views */ = {
			isa = PBXGroup;
			children = (
				665281392789EB2C00C74184 /* CompanyDetail */,
				664F4CA527893B870029442B /* Home */,
				664F4CA2278937CF0029442B /* Loading */,
				66450FC32786557D0027707A /* Components */,
				66450FB927864AE90027707A /* Login */,
			);
			path = Views;
			sourceTree = "<group>";
		};
		66450FB0278649670027707A /* Supporting */ = {
			isa = PBXGroup;
			children = (
				66450F8D278649390027707A /* Info.plist */,
				66450F7F278649350027707A /* AppDelegate.swift */,
				66450F81278649350027707A /* SceneDelegate.swift */,
				66450F88278649390027707A /* Assets.xcassets */,
				66450F8A278649390027707A /* LaunchScreen.storyboard */,
			);
			path = Supporting;
			sourceTree = "<group>";
		};
		66450FB1278649790027707A /* Coordinators */ = {
			isa = PBXGroup;
			children = (
				66450FB5278649E50027707A /* Coordinator.swift */,
				66450FB7278649EF0027707A /* MainCoordinator.swift */,
				66C02863278E2D03008030B7 /* TestButtonViewController.swift */,
			);
			path = Coordinators;
			sourceTree = "<group>";
		};
		66450FB22786497F0027707A /* Networking */ = {
			isa = PBXGroup;
			children = (
				66C87331278C720300FA2B19 /* Handlers */,
				666898442787D53A003CE1AF /* ApiClient.swift */,
				66B9775D278B993E00195571 /* ApiRequest.swift.swift */,
				66B9775F278B99F400195571 /* UrlPath.swift */,
			);
			path = Networking;
			sourceTree = "<group>";
		};
		66450FB32786498A0027707A /* Utils */ = {
			isa = PBXGroup;
			children = (
				66450FBA27864B790027707A /* Images.swift */,
				664FC355278B3C2A00177288 /* Colors.swift */,
			);
			path = Utils;
			sourceTree = "<group>";
		};
		66450FB927864AE90027707A /* Login */ = {
			isa = PBXGroup;
			children = (
				664FC351278B365B00177288 /* LoginViewBackground */,
				66450FBC27864C260027707A /* LoginViewController.swift */,
				6660808B2788673E008C3FF7 /* LoginViewModel.swift */,
				66450FBE27864C2F0027707A /* LoginView.swift */,
			);
			path = Login;
			sourceTree = "<group>";
		};
		66450FC32786557D0027707A /* Components */ = {
			isa = PBXGroup;
			children = (
				664FC34D278B33ED00177288 /* TextField */,
				665281372789DEDD00C74184 /* CellGradientBackground.swift */,
			);
			path = Components;
			sourceTree = "<group>";
		};
		664F4CA2278937CF0029442B /* Loading */ = {
			isa = PBXGroup;
			children = (
				664F4CA3278937E00029442B /* LoadingViewController.swift */,
				66528144278A62CB00C74184 /* LoadingViewModel.swift */,
			);
			path = Loading;
			sourceTree = "<group>";
		};
		664F4CA527893B870029442B /* Home */ = {
			isa = PBXGroup;
			children = (
				66B9775B278B91C000195571 /* Navigation Bar */,
				66B9775A278B91B800195571 /* Collection View */,
				664F4CA827893BF60029442B /* HomeViewController.swift */,
				66528142278A318B00C74184 /* HomeViewModel.swift */,
				665281332789C52F00C74184 /* HomeView.swift */,
			);
			path = Home;
			sourceTree = "<group>";
		};
		664FC34D278B33ED00177288 /* TextField */ = {
			isa = PBXGroup;
			children = (
				66450FC627865D810027707A /* GenericTextField.swift */,
				664FC34E278B340D00177288 /* TextFieldType.swift */,
				66C02865278E3EE1008030B7 /* LoginTextField.swift */,
			);
			path = TextField;
			sourceTree = "<group>";
		};
		664FC351278B365B00177288 /* LoginViewBackground */ = {
			isa = PBXGroup;
			children = (
				66450FC027864E030027707A /* GradientView.swift */,
				66450FC4278655A20027707A /* WelcomeView.swift.swift */,
			);
			path = LoginViewBackground;
			sourceTree = "<group>";
		};
		664FC354278B3C1300177288 /* Extensions */ = {
			isa = PBXGroup;
			children = (
				66528148278AF69A00C74184 /* UIImage.swift */,
				6652814C278B154900C74184 /* UIImageView.swift */,
				66C8733A278CB46200FA2B19 /* String.swift */,
			);
			path = Extensions;
			sourceTree = "<group>";
		};
		665281392789EB2C00C74184 /* CompanyDetail */ = {
			isa = PBXGroup;
			children = (
				6652813A2789EB4700C74184 /* CompanyDetailViewController.swift */,
				66528146278A7B3B00C74184 /* CompanyDetailViewModel.swift */,
				6652813C2789EBB600C74184 /* CompanyDetailView.swift */,
			);
			path = CompanyDetail;
			sourceTree = "<group>";
		};
		6660808827885A07008C3FF7 /* Models */ = {
			isa = PBXGroup;
			children = (
				6660808927885A1B008C3FF7 /* LoginModel.swift */,
				6652813E278A236B00C74184 /* User.swift */,
				66528140278A270800C74184 /* EnterpriseModel.swift */,
				6652814A278AF74F00C74184 /* CachedImages.swift */,
			);
			path = Models;
			sourceTree = "<group>";
		};
		66B9775A278B91B800195571 /* Collection View */ = {
			isa = PBXGroup;
			children = (
				664F4CAA278940CE0029442B /* HomeViewCell.swift */,
				665281352789C5A200C74184 /* HomeCollectionView.swift */,
			);
			path = "Collection View";
			sourceTree = "<group>";
		};
		66B9775B278B91C000195571 /* Navigation Bar */ = {
			isa = PBXGroup;
			children = (
				664FC357278B523600177288 /* HomeNavigationBar.swift */,
			);
			path = "Navigation Bar";
			sourceTree = "<group>";
		};
		66C87331278C720300FA2B19 /* Handlers */ = {
			isa = PBXGroup;
			children = (
				66C87334278C729500FA2B19 /* BaseHandler.swift.swift */,
				66AAD8AE278C645700319120 /* LoginHandler.swift */,
				66C87332278C722D00FA2B19 /* SearchHandler.swift */,
				66C87336278C906A00FA2B19 /* ImageHandler.swift */,
			);
			path = Handlers;
			sourceTree = "<group>";
		};
/* End PBXGroup section */

/* Begin PBXNativeTarget section */
		66450F7B278649350027707A /* Empresas ioasys */ = {
			isa = PBXNativeTarget;
			buildConfigurationList = 66450FA6278649390027707A /* Build configuration list for PBXNativeTarget "Empresas ioasys" */;
			buildPhases = (
				66450F78278649350027707A /* Sources */,
				66450F79278649350027707A /* Frameworks */,
				66450F7A278649350027707A /* Resources */,
			);
			buildRules = (
			);
			dependencies = (
			);
			name = "Empresas ioasys";
			productName = "Empresas ioasys";
			productReference = 66450F7C278649350027707A /* Empresas ioasys.app */;
			productType = "com.apple.product-type.application";
		};
		66450F91278649390027707A /* Empresas ioasysTests */ = {
			isa = PBXNativeTarget;
			buildConfigurationList = 66450FA9278649390027707A /* Build configuration list for PBXNativeTarget "Empresas ioasysTests" */;
			buildPhases = (
				66450F8E278649390027707A /* Sources */,
				66450F8F278649390027707A /* Frameworks */,
				66450F90278649390027707A /* Resources */,
			);
			buildRules = (
			);
			dependencies = (
				66450F94278649390027707A /* PBXTargetDependency */,
			);
			name = "Empresas ioasysTests";
			productName = "Empresas ioasysTests";
			productReference = 66450F92278649390027707A /* Empresas ioasysTests.xctest */;
			productType = "com.apple.product-type.bundle.unit-test";
		};
		66450F9B278649390027707A /* Empresas ioasysUITests */ = {
			isa = PBXNativeTarget;
			buildConfigurationList = 66450FAC278649390027707A /* Build configuration list for PBXNativeTarget "Empresas ioasysUITests" */;
			buildPhases = (
				66450F98278649390027707A /* Sources */,
				66450F99278649390027707A /* Frameworks */,
				66450F9A278649390027707A /* Resources */,
			);
			buildRules = (
			);
			dependencies = (
				66450F9E278649390027707A /* PBXTargetDependency */,
			);
			name = "Empresas ioasysUITests";
			productName = "Empresas ioasysUITests";
			productReference = 66450F9C278649390027707A /* Empresas ioasysUITests.xctest */;
			productType = "com.apple.product-type.bundle.ui-testing";
		};
/* End PBXNativeTarget section */

/* Begin PBXProject section */
		66450F74278649350027707A /* Project object */ = {
			isa = PBXProject;
			attributes = {
				BuildIndependentTargetsInParallel = 1;
				LastSwiftUpdateCheck = 1310;
				LastUpgradeCheck = 1310;
				TargetAttributes = {
					66450F7B278649350027707A = {
						CreatedOnToolsVersion = 13.1;
					};
					66450F91278649390027707A = {
						CreatedOnToolsVersion = 13.1;
						TestTargetID = 66450F7B278649350027707A;
					};
					66450F9B278649390027707A = {
						CreatedOnToolsVersion = 13.1;
						TestTargetID = 66450F7B278649350027707A;
					};
				};
			};
			buildConfigurationList = 66450F77278649350027707A /* Build configuration list for PBXProject "Empresas ioasys" */;
			compatibilityVersion = "Xcode 13.0";
			developmentRegion = en;
			hasScannedForEncodings = 0;
			knownRegions = (
				en,
				Base,
			);
			mainGroup = 66450F73278649350027707A;
			productRefGroup = 66450F7D278649350027707A /* Products */;
			projectDirPath = "";
			projectRoot = "";
			targets = (
				66450F7B278649350027707A /* Empresas ioasys */,
				66450F91278649390027707A /* Empresas ioasysTests */,
				66450F9B278649390027707A /* Empresas ioasysUITests */,
			);
		};
/* End PBXProject section */

/* Begin PBXResourcesBuildPhase section */
		66450F7A278649350027707A /* Resources */ = {
			isa = PBXResourcesBuildPhase;
			buildActionMask = 2147483647;
			files = (
				66450F8C278649390027707A /* LaunchScreen.storyboard in Resources */,
				66450F89278649390027707A /* Assets.xcassets in Resources */,
			);
			runOnlyForDeploymentPostprocessing = 0;
		};
		66450F90278649390027707A /* Resources */ = {
			isa = PBXResourcesBuildPhase;
			buildActionMask = 2147483647;
			files = (
			);
			runOnlyForDeploymentPostprocessing = 0;
		};
		66450F9A278649390027707A /* Resources */ = {
			isa = PBXResourcesBuildPhase;
			buildActionMask = 2147483647;
			files = (
			);
			runOnlyForDeploymentPostprocessing = 0;
		};
/* End PBXResourcesBuildPhase section */

/* Begin PBXSourcesBuildPhase section */
		66450F78278649350027707A /* Sources */ = {
			isa = PBXSourcesBuildPhase;
			buildActionMask = 2147483647;
			files = (
				6652814B278AF74F00C74184 /* CachedImages.swift in Sources */,
				6652813B2789EB4700C74184 /* CompanyDetailViewController.swift in Sources */,
				66B97760278B99F400195571 /* UrlPath.swift in Sources */,
				66450FBD27864C260027707A /* LoginViewController.swift in Sources */,
				66450FB6278649E50027707A /* Coordinator.swift in Sources */,
				66528143278A318B00C74184 /* HomeViewModel.swift in Sources */,
				66528141278A270800C74184 /* EnterpriseModel.swift in Sources */,
				664F4CA4278937E00029442B /* LoadingViewController.swift in Sources */,
				665281362789C5A200C74184 /* HomeCollectionView.swift in Sources */,
				66450FBB27864B790027707A /* Images.swift in Sources */,
				665281382789DEDD00C74184 /* CellGradientBackground.swift in Sources */,
				66450F80278649350027707A /* AppDelegate.swift in Sources */,
				66B9775E278B993E00195571 /* ApiRequest.swift.swift in Sources */,
				664FC358278B523600177288 /* HomeNavigationBar.swift in Sources */,
				6660808A27885A1B008C3FF7 /* LoginModel.swift in Sources */,
				6660808C2788673E008C3FF7 /* LoginViewModel.swift in Sources */,
				66528149278AF69B00C74184 /* UIImage.swift in Sources */,
				66450FB8278649EF0027707A /* MainCoordinator.swift in Sources */,
				6652814D278B154A00C74184 /* UIImageView.swift in Sources */,
				66C02864278E2D03008030B7 /* TestButtonViewController.swift in Sources */,
				665281342789C52F00C74184 /* HomeView.swift in Sources */,
				66528145278A62CB00C74184 /* LoadingViewModel.swift in Sources */,
				664F4CA927893BF60029442B /* HomeViewController.swift in Sources */,
				66C8733B278CB46200FA2B19 /* String.swift in Sources */,
				66450FC5278655A20027707A /* WelcomeView.swift.swift in Sources */,
				66528147278A7B3B00C74184 /* CompanyDetailViewModel.swift in Sources */,
				66AAD8AF278C645700319120 /* LoginHandler.swift in Sources */,
				66C02866278E3EE1008030B7 /* LoginTextField.swift in Sources */,
				66450FBF27864C2F0027707A /* LoginView.swift in Sources */,
				66450F82278649350027707A /* SceneDelegate.swift in Sources */,
				66C87335278C729500FA2B19 /* BaseHandler.swift.swift in Sources */,
				66C87337278C906A00FA2B19 /* ImageHandler.swift in Sources */,
				6652813D2789EBB600C74184 /* CompanyDetailView.swift in Sources */,
				66C87333278C722D00FA2B19 /* SearchHandler.swift in Sources */,
				66450FC727865D810027707A /* GenericTextField.swift in Sources */,
				664FC356278B3C2A00177288 /* Colors.swift in Sources */,
				664F4CAB278940CE0029442B /* HomeViewCell.swift in Sources */,
				66450FC127864E030027707A /* GradientView.swift in Sources */,
				664FC34F278B340D00177288 /* TextFieldType.swift in Sources */,
				666898452787D53A003CE1AF /* ApiClient.swift in Sources */,
				6652813F278A236B00C74184 /* User.swift in Sources */,
			);
			runOnlyForDeploymentPostprocessing = 0;
		};
		66450F8E278649390027707A /* Sources */ = {
			isa = PBXSourcesBuildPhase;
			buildActionMask = 2147483647;
			files = (
				66450F97278649390027707A /* Empresas_ioasysTests.swift in Sources */,
			);
			runOnlyForDeploymentPostprocessing = 0;
		};
		66450F98278649390027707A /* Sources */ = {
			isa = PBXSourcesBuildPhase;
			buildActionMask = 2147483647;
			files = (
				66450FA3278649390027707A /* Empresas_ioasysUITestsLaunchTests.swift in Sources */,
				66450FA1278649390027707A /* Empresas_ioasysUITests.swift in Sources */,
			);
			runOnlyForDeploymentPostprocessing = 0;
		};
/* End PBXSourcesBuildPhase section */

/* Begin PBXTargetDependency section */
		66450F94278649390027707A /* PBXTargetDependency */ = {
			isa = PBXTargetDependency;
			target = 66450F7B278649350027707A /* Empresas ioasys */;
			targetProxy = 66450F93278649390027707A /* PBXContainerItemProxy */;
		};
		66450F9E278649390027707A /* PBXTargetDependency */ = {
			isa = PBXTargetDependency;
			target = 66450F7B278649350027707A /* Empresas ioasys */;
			targetProxy = 66450F9D278649390027707A /* PBXContainerItemProxy */;
		};
/* End PBXTargetDependency section */

/* Begin PBXVariantGroup section */
		66450F8A278649390027707A /* LaunchScreen.storyboard */ = {
			isa = PBXVariantGroup;
			children = (
				66450F8B278649390027707A /* Base */,
			);
			name = LaunchScreen.storyboard;
			sourceTree = "<group>";
		};
/* End PBXVariantGroup section */

/* Begin XCBuildConfiguration section */
		66450FA4278649390027707A /* Debug */ = {
			isa = XCBuildConfiguration;
			buildSettings = {
				ALWAYS_SEARCH_USER_PATHS = NO;
				CLANG_ANALYZER_NONNULL = YES;
				CLANG_ANALYZER_NUMBER_OBJECT_CONVERSION = YES_AGGRESSIVE;
				CLANG_CXX_LANGUAGE_STANDARD = "gnu++17";
				CLANG_CXX_LIBRARY = "libc++";
				CLANG_ENABLE_MODULES = YES;
				CLANG_ENABLE_OBJC_ARC = YES;
				CLANG_ENABLE_OBJC_WEAK = YES;
				CLANG_WARN_BLOCK_CAPTURE_AUTORELEASING = YES;
				CLANG_WARN_BOOL_CONVERSION = YES;
				CLANG_WARN_COMMA = YES;
				CLANG_WARN_CONSTANT_CONVERSION = YES;
				CLANG_WARN_DEPRECATED_OBJC_IMPLEMENTATIONS = YES;
				CLANG_WARN_DIRECT_OBJC_ISA_USAGE = YES_ERROR;
				CLANG_WARN_DOCUMENTATION_COMMENTS = YES;
				CLANG_WARN_EMPTY_BODY = YES;
				CLANG_WARN_ENUM_CONVERSION = YES;
				CLANG_WARN_INFINITE_RECURSION = YES;
				CLANG_WARN_INT_CONVERSION = YES;
				CLANG_WARN_NON_LITERAL_NULL_CONVERSION = YES;
				CLANG_WARN_OBJC_IMPLICIT_RETAIN_SELF = YES;
				CLANG_WARN_OBJC_LITERAL_CONVERSION = YES;
				CLANG_WARN_OBJC_ROOT_CLASS = YES_ERROR;
				CLANG_WARN_QUOTED_INCLUDE_IN_FRAMEWORK_HEADER = YES;
				CLANG_WARN_RANGE_LOOP_ANALYSIS = YES;
				CLANG_WARN_STRICT_PROTOTYPES = YES;
				CLANG_WARN_SUSPICIOUS_MOVE = YES;
				CLANG_WARN_UNGUARDED_AVAILABILITY = YES_AGGRESSIVE;
				CLANG_WARN_UNREACHABLE_CODE = YES;
				CLANG_WARN__DUPLICATE_METHOD_MATCH = YES;
				COPY_PHASE_STRIP = NO;
				DEBUG_INFORMATION_FORMAT = dwarf;
				ENABLE_STRICT_OBJC_MSGSEND = YES;
				ENABLE_TESTABILITY = YES;
				GCC_C_LANGUAGE_STANDARD = gnu11;
				GCC_DYNAMIC_NO_PIC = NO;
				GCC_NO_COMMON_BLOCKS = YES;
				GCC_OPTIMIZATION_LEVEL = 0;
				GCC_PREPROCESSOR_DEFINITIONS = (
					"DEBUG=1",
					"$(inherited)",
				);
				GCC_WARN_64_TO_32_BIT_CONVERSION = YES;
				GCC_WARN_ABOUT_RETURN_TYPE = YES_ERROR;
				GCC_WARN_UNDECLARED_SELECTOR = YES;
				GCC_WARN_UNINITIALIZED_AUTOS = YES_AGGRESSIVE;
				GCC_WARN_UNUSED_FUNCTION = YES;
				GCC_WARN_UNUSED_VARIABLE = YES;
				IPHONEOS_DEPLOYMENT_TARGET = 15.0;
				MTL_ENABLE_DEBUG_INFO = INCLUDE_SOURCE;
				MTL_FAST_MATH = YES;
				ONLY_ACTIVE_ARCH = YES;
				SDKROOT = iphoneos;
				SWIFT_ACTIVE_COMPILATION_CONDITIONS = DEBUG;
				SWIFT_OPTIMIZATION_LEVEL = "-Onone";
			};
			name = Debug;
		};
		66450FA5278649390027707A /* Release */ = {
			isa = XCBuildConfiguration;
			buildSettings = {
				ALWAYS_SEARCH_USER_PATHS = NO;
				CLANG_ANALYZER_NONNULL = YES;
				CLANG_ANALYZER_NUMBER_OBJECT_CONVERSION = YES_AGGRESSIVE;
				CLANG_CXX_LANGUAGE_STANDARD = "gnu++17";
				CLANG_CXX_LIBRARY = "libc++";
				CLANG_ENABLE_MODULES = YES;
				CLANG_ENABLE_OBJC_ARC = YES;
				CLANG_ENABLE_OBJC_WEAK = YES;
				CLANG_WARN_BLOCK_CAPTURE_AUTORELEASING = YES;
				CLANG_WARN_BOOL_CONVERSION = YES;
				CLANG_WARN_COMMA = YES;
				CLANG_WARN_CONSTANT_CONVERSION = YES;
				CLANG_WARN_DEPRECATED_OBJC_IMPLEMENTATIONS = YES;
				CLANG_WARN_DIRECT_OBJC_ISA_USAGE = YES_ERROR;
				CLANG_WARN_DOCUMENTATION_COMMENTS = YES;
				CLANG_WARN_EMPTY_BODY = YES;
				CLANG_WARN_ENUM_CONVERSION = YES;
				CLANG_WARN_INFINITE_RECURSION = YES;
				CLANG_WARN_INT_CONVERSION = YES;
				CLANG_WARN_NON_LITERAL_NULL_CONVERSION = YES;
				CLANG_WARN_OBJC_IMPLICIT_RETAIN_SELF = YES;
				CLANG_WARN_OBJC_LITERAL_CONVERSION = YES;
				CLANG_WARN_OBJC_ROOT_CLASS = YES_ERROR;
				CLANG_WARN_QUOTED_INCLUDE_IN_FRAMEWORK_HEADER = YES;
				CLANG_WARN_RANGE_LOOP_ANALYSIS = YES;
				CLANG_WARN_STRICT_PROTOTYPES = YES;
				CLANG_WARN_SUSPICIOUS_MOVE = YES;
				CLANG_WARN_UNGUARDED_AVAILABILITY = YES_AGGRESSIVE;
				CLANG_WARN_UNREACHABLE_CODE = YES;
				CLANG_WARN__DUPLICATE_METHOD_MATCH = YES;
				COPY_PHASE_STRIP = NO;
				DEBUG_INFORMATION_FORMAT = "dwarf-with-dsym";
				ENABLE_NS_ASSERTIONS = NO;
				ENABLE_STRICT_OBJC_MSGSEND = YES;
				GCC_C_LANGUAGE_STANDARD = gnu11;
				GCC_NO_COMMON_BLOCKS = YES;
				GCC_WARN_64_TO_32_BIT_CONVERSION = YES;
				GCC_WARN_ABOUT_RETURN_TYPE = YES_ERROR;
				GCC_WARN_UNDECLARED_SELECTOR = YES;
				GCC_WARN_UNINITIALIZED_AUTOS = YES_AGGRESSIVE;
				GCC_WARN_UNUSED_FUNCTION = YES;
				GCC_WARN_UNUSED_VARIABLE = YES;
				IPHONEOS_DEPLOYMENT_TARGET = 15.0;
				MTL_ENABLE_DEBUG_INFO = NO;
				MTL_FAST_MATH = YES;
				SDKROOT = iphoneos;
				SWIFT_COMPILATION_MODE = wholemodule;
				SWIFT_OPTIMIZATION_LEVEL = "-O";
				VALIDATE_PRODUCT = YES;
			};
			name = Release;
		};
		66450FA7278649390027707A /* Debug */ = {
			isa = XCBuildConfiguration;
			buildSettings = {
				ASSETCATALOG_COMPILER_APPICON_NAME = AppIcon;
				ASSETCATALOG_COMPILER_GLOBAL_ACCENT_COLOR_NAME = AccentColor;
				CODE_SIGN_STYLE = Automatic;
				CURRENT_PROJECT_VERSION = 1;
				DEVELOPMENT_TEAM = B3X64R59PK;
				GENERATE_INFOPLIST_FILE = YES;
				INFOPLIST_FILE = "Empresas ioasys/Supporting/Info.plist";
				INFOPLIST_KEY_UIApplicationSupportsIndirectInputEvents = YES;
				INFOPLIST_KEY_UILaunchStoryboardName = LaunchScreen;
				INFOPLIST_KEY_UISupportedInterfaceOrientations = UIInterfaceOrientationPortrait;
				INFOPLIST_KEY_UISupportedInterfaceOrientations_iPad = "UIInterfaceOrientationPortrait UIInterfaceOrientationPortraitUpsideDown UIInterfaceOrientationLandscapeLeft UIInterfaceOrientationLandscapeRight";
				INFOPLIST_KEY_UISupportedInterfaceOrientations_iPhone = "UIInterfaceOrientationPortrait UIInterfaceOrientationLandscapeLeft UIInterfaceOrientationLandscapeRight";
				LD_RUNPATH_SEARCH_PATHS = (
					"$(inherited)",
					"@executable_path/Frameworks",
				);
				MARKETING_VERSION = 1.0;
				PRODUCT_BUNDLE_IDENTIFIER = "me.sa.presas-ioasys";
				PRODUCT_NAME = "$(TARGET_NAME)";
				SWIFT_EMIT_LOC_STRINGS = YES;
				SWIFT_VERSION = 5.0;
				TARGETED_DEVICE_FAMILY = "1,2";
			};
			name = Debug;
		};
		66450FA8278649390027707A /* Release */ = {
			isa = XCBuildConfiguration;
			buildSettings = {
				ASSETCATALOG_COMPILER_APPICON_NAME = AppIcon;
				ASSETCATALOG_COMPILER_GLOBAL_ACCENT_COLOR_NAME = AccentColor;
				CODE_SIGN_STYLE = Automatic;
				CURRENT_PROJECT_VERSION = 1;
				DEVELOPMENT_TEAM = B3X64R59PK;
				GENERATE_INFOPLIST_FILE = YES;
				INFOPLIST_FILE = "Empresas ioasys/Supporting/Info.plist";
				INFOPLIST_KEY_UIApplicationSupportsIndirectInputEvents = YES;
				INFOPLIST_KEY_UILaunchStoryboardName = LaunchScreen;
				INFOPLIST_KEY_UISupportedInterfaceOrientations = UIInterfaceOrientationPortrait;
				INFOPLIST_KEY_UISupportedInterfaceOrientations_iPad = "UIInterfaceOrientationPortrait UIInterfaceOrientationPortraitUpsideDown UIInterfaceOrientationLandscapeLeft UIInterfaceOrientationLandscapeRight";
				INFOPLIST_KEY_UISupportedInterfaceOrientations_iPhone = "UIInterfaceOrientationPortrait UIInterfaceOrientationLandscapeLeft UIInterfaceOrientationLandscapeRight";
				LD_RUNPATH_SEARCH_PATHS = (
					"$(inherited)",
					"@executable_path/Frameworks",
				);
				MARKETING_VERSION = 1.0;
				PRODUCT_BUNDLE_IDENTIFIER = "me.sa.presas-ioasys";
				PRODUCT_NAME = "$(TARGET_NAME)";
				SWIFT_EMIT_LOC_STRINGS = YES;
				SWIFT_VERSION = 5.0;
				TARGETED_DEVICE_FAMILY = "1,2";
			};
			name = Release;
		};
		66450FAA278649390027707A /* Debug */ = {
			isa = XCBuildConfiguration;
			buildSettings = {
				ALWAYS_EMBED_SWIFT_STANDARD_LIBRARIES = YES;
				BUNDLE_LOADER = "$(TEST_HOST)";
				CODE_SIGN_STYLE = Automatic;
				CURRENT_PROJECT_VERSION = 1;
				DEVELOPMENT_TEAM = B3X64R59PK;
				GENERATE_INFOPLIST_FILE = YES;
				IPHONEOS_DEPLOYMENT_TARGET = 15.0;
				LD_RUNPATH_SEARCH_PATHS = (
					"$(inherited)",
					"@executable_path/Frameworks",
					"@loader_path/Frameworks",
				);
				MARKETING_VERSION = 1.0;
				PRODUCT_BUNDLE_IDENTIFIER = "me.sa.Empresas-ioasysTests";
				PRODUCT_NAME = "$(TARGET_NAME)";
				SWIFT_EMIT_LOC_STRINGS = NO;
				SWIFT_VERSION = 5.0;
				TARGETED_DEVICE_FAMILY = "1,2";
				TEST_HOST = "$(BUILT_PRODUCTS_DIR)/Empresas ioasys.app/Empresas ioasys";
			};
			name = Debug;
		};
		66450FAB278649390027707A /* Release */ = {
			isa = XCBuildConfiguration;
			buildSettings = {
				ALWAYS_EMBED_SWIFT_STANDARD_LIBRARIES = YES;
				BUNDLE_LOADER = "$(TEST_HOST)";
				CODE_SIGN_STYLE = Automatic;
				CURRENT_PROJECT_VERSION = 1;
				DEVELOPMENT_TEAM = B3X64R59PK;
				GENERATE_INFOPLIST_FILE = YES;
				IPHONEOS_DEPLOYMENT_TARGET = 15.0;
				LD_RUNPATH_SEARCH_PATHS = (
					"$(inherited)",
					"@executable_path/Frameworks",
					"@loader_path/Frameworks",
				);
				MARKETING_VERSION = 1.0;
				PRODUCT_BUNDLE_IDENTIFIER = "me.sa.Empresas-ioasysTests";
				PRODUCT_NAME = "$(TARGET_NAME)";
				SWIFT_EMIT_LOC_STRINGS = NO;
				SWIFT_VERSION = 5.0;
				TARGETED_DEVICE_FAMILY = "1,2";
				TEST_HOST = "$(BUILT_PRODUCTS_DIR)/Empresas ioasys.app/Empresas ioasys";
			};
			name = Release;
		};
		66450FAD278649390027707A /* Debug */ = {
			isa = XCBuildConfiguration;
			buildSettings = {
				ALWAYS_EMBED_SWIFT_STANDARD_LIBRARIES = YES;
				CODE_SIGN_STYLE = Automatic;
				CURRENT_PROJECT_VERSION = 1;
				DEVELOPMENT_TEAM = B3X64R59PK;
				GENERATE_INFOPLIST_FILE = YES;
				LD_RUNPATH_SEARCH_PATHS = (
					"$(inherited)",
					"@executable_path/Frameworks",
					"@loader_path/Frameworks",
				);
				MARKETING_VERSION = 1.0;
				PRODUCT_BUNDLE_IDENTIFIER = "me.sa.Empresas-ioasysUITests";
				PRODUCT_NAME = "$(TARGET_NAME)";
				SWIFT_EMIT_LOC_STRINGS = NO;
				SWIFT_VERSION = 5.0;
				TARGETED_DEVICE_FAMILY = "1,2";
				TEST_TARGET_NAME = "Empresas ioasys";
			};
			name = Debug;
		};
		66450FAE278649390027707A /* Release */ = {
			isa = XCBuildConfiguration;
			buildSettings = {
				ALWAYS_EMBED_SWIFT_STANDARD_LIBRARIES = YES;
				CODE_SIGN_STYLE = Automatic;
				CURRENT_PROJECT_VERSION = 1;
				DEVELOPMENT_TEAM = B3X64R59PK;
				GENERATE_INFOPLIST_FILE = YES;
				LD_RUNPATH_SEARCH_PATHS = (
					"$(inherited)",
					"@executable_path/Frameworks",
					"@loader_path/Frameworks",
				);
				MARKETING_VERSION = 1.0;
				PRODUCT_BUNDLE_IDENTIFIER = "me.sa.Empresas-ioasysUITests";
				PRODUCT_NAME = "$(TARGET_NAME)";
				SWIFT_EMIT_LOC_STRINGS = NO;
				SWIFT_VERSION = 5.0;
				TARGETED_DEVICE_FAMILY = "1,2";
				TEST_TARGET_NAME = "Empresas ioasys";
			};
			name = Release;
		};
/* End XCBuildConfiguration section */

/* Begin XCConfigurationList section */
		66450F77278649350027707A /* Build configuration list for PBXProject "Empresas ioasys" */ = {
			isa = XCConfigurationList;
			buildConfigurations = (
				66450FA4278649390027707A /* Debug */,
				66450FA5278649390027707A /* Release */,
			);
			defaultConfigurationIsVisible = 0;
			defaultConfigurationName = Release;
		};
		66450FA6278649390027707A /* Build configuration list for PBXNativeTarget "Empresas ioasys" */ = {
			isa = XCConfigurationList;
			buildConfigurations = (
				66450FA7278649390027707A /* Debug */,
				66450FA8278649390027707A /* Release */,
			);
			defaultConfigurationIsVisible = 0;
			defaultConfigurationName = Release;
		};
		66450FA9278649390027707A /* Build configuration list for PBXNativeTarget "Empresas ioasysTests" */ = {
			isa = XCConfigurationList;
			buildConfigurations = (
				66450FAA278649390027707A /* Debug */,
				66450FAB278649390027707A /* Release */,
			);
			defaultConfigurationIsVisible = 0;
			defaultConfigurationName = Release;
		};
		66450FAC278649390027707A /* Build configuration list for PBXNativeTarget "Empresas ioasysUITests" */ = {
			isa = XCConfigurationList;
			buildConfigurations = (
				66450FAD278649390027707A /* Debug */,
				66450FAE278649390027707A /* Release */,
			);
			defaultConfigurationIsVisible = 0;
			defaultConfigurationName = Release;
		};
/* End XCConfigurationList section */
	};
	rootObject = 66450F74278649350027707A /* Project object */;
}
